
Microsoft Visual Studio Solution File, Format Version 12.00
# Visual Studio Version 16
VisualStudioVersion = 16.0.30503.244
MinimumVisualStudioVersion = 10.0.40219.1
Project("{9A19103F-16F7-4668-BE54-9A1E7A4F7556}") = "UsersAndRewards.BLL", "UsersAndRewards.BLL\UsersAndRewards.BLL.csproj", "{984E2D06-7F32-4767-A4A9-2748C649FF35}"
EndProject
Project("{2150E333-8FDC-42A3-9474-1A3956D46DE8}") = "BLL", "BLL", "{A4E9F08D-06BD-4FC5-A512-80629B651AC8}"
EndProject
Project("{2150E333-8FDC-42A3-9474-1A3956D46DE8}") = "Common", "Common", "{0306C0CB-2B5A-4B86-8B9A-D2C60D559D03}"
EndProject
Project("{9A19103F-16F7-4668-BE54-9A1E7A4F7556}") = "Entities", "Entities\Entities.csproj", "{82A46C23-F241-4219-845E-869CDFCD7D4D}"
EndProject
Project("{2150E333-8FDC-42A3-9474-1A3956D46DE8}") = "DAL", "DAL", "{E76BF7A5-A372-4A80-B6D8-AFCF7C1711C3}"
EndProject
Project("{9A19103F-16F7-4668-BE54-9A1E7A4F7556}") = "UserAndRewards.DAL", "UserAndRewards.DAL\UserAndRewards.DAL.csproj", "{53AD5D17-AA98-471F-A359-B1980BFED4E7}"
EndProject
Project("{2150E333-8FDC-42A3-9474-1A3956D46DE8}") = "PL", "PL", "{4FA50774-ACCC-4075-AF8A-6953F41207B4}"
EndProject
Project("{9A19103F-16F7-4668-BE54-9A1E7A4F7556}") = "UsersAndRewardsSQL.DAL", "UsersAndRewardsSQL.DAL\UsersAndRewardsSQL.DAL.csproj", "{F72C2EF4-2C46-4DB7-9DD5-B4B05B47FE65}"
EndProject
Project("{9A19103F-16F7-4668-BE54-9A1E7A4F7556}") = "UsersAndRewardsCORE.PL", "UsersAndRewardsCORE.PL\UsersAndRewardsCORE.PL.csproj", "{63CDC642-BDEE-4896-9BFB-53D720F68C8F}"
EndProject
Project("{9A19103F-16F7-4668-BE54-9A1E7A4F7556}") = "UsersAndRewardsWEB", "UsersAndRewardsWEB\UsersAndRewardsWEB.csproj", "{CFE72C77-A6C0-4434-8452-80A5813A652E}"
EndProject
Project("{FAE04EC0-301F-11D3-BF4B-00C04F79EFBC}") = "HelperEntities", "HelperEntities\HelperEntities.csproj", "{E2D84EF3-68E8-4E53-95A1-3A6F76C92FD4}"
EndProject
Global
	GlobalSection(SolutionConfigurationPlatforms) = preSolution
		Debug|Any CPU = Debug|Any CPU
		Release|Any CPU = Release|Any CPU
	EndGlobalSection
	GlobalSection(ProjectConfigurationPlatforms) = postSolution
		{984E2D06-7F32-4767-A4A9-2748C649FF35}.Debug|Any CPU.ActiveCfg = Debug|Any CPU
		{984E2D06-7F32-4767-A4A9-2748C649FF35}.Debug|Any CPU.Build.0 = Debug|Any CPU
		{984E2D06-7F32-4767-A4A9-2748C649FF35}.Release|Any CPU.ActiveCfg = Release|Any CPU
		{984E2D06-7F32-4767-A4A9-2748C649FF35}.Release|Any CPU.Build.0 = Release|Any CPU
		{82A46C23-F241-4219-845E-869CDFCD7D4D}.Debug|Any CPU.ActiveCfg = Debug|Any CPU
		{82A46C23-F241-4219-845E-869CDFCD7D4D}.Debug|Any CPU.Build.0 = Debug|Any CPU
		{82A46C23-F241-4219-845E-869CDFCD7D4D}.Release|Any CPU.ActiveCfg = Release|Any CPU
		{82A46C23-F241-4219-845E-869CDFCD7D4D}.Release|Any CPU.Build.0 = Release|Any CPU
		{53AD5D17-AA98-471F-A359-B1980BFED4E7}.Debug|Any CPU.ActiveCfg = Debug|Any CPU
		{53AD5D17-AA98-471F-A359-B1980BFED4E7}.Debug|Any CPU.Build.0 = Debug|Any CPU
		{53AD5D17-AA98-471F-A359-B1980BFED4E7}.Release|Any CPU.ActiveCfg = Release|Any CPU
		{53AD5D17-AA98-471F-A359-B1980BFED4E7}.Release|Any CPU.Build.0 = Release|Any CPU
		{F72C2EF4-2C46-4DB7-9DD5-B4B05B47FE65}.Debug|Any CPU.ActiveCfg = Debug|Any CPU
		{F72C2EF4-2C46-4DB7-9DD5-B4B05B47FE65}.Debug|Any CPU.Build.0 = Debug|Any CPU
		{F72C2EF4-2C46-4DB7-9DD5-B4B05B47FE65}.Release|Any CPU.ActiveCfg = Release|Any CPU
		{F72C2EF4-2C46-4DB7-9DD5-B4B05B47FE65}.Release|Any CPU.Build.0 = Release|Any CPU
		{63CDC642-BDEE-4896-9BFB-53D720F68C8F}.Debug|Any CPU.ActiveCfg = Debug|Any CPU
		{63CDC642-BDEE-4896-9BFB-53D720F68C8F}.Debug|Any CPU.Build.0 = Debug|Any CPU
		{63CDC642-BDEE-4896-9BFB-53D720F68C8F}.Release|Any CPU.ActiveCfg = Release|Any CPU
		{63CDC642-BDEE-4896-9BFB-53D720F68C8F}.Release|Any CPU.Build.0 = Release|Any CPU
		{CFE72C77-A6C0-4434-8452-80A5813A652E}.Debug|Any CPU.ActiveCfg = Debug|Any CPU
		{CFE72C77-A6C0-4434-8452-80A5813A652E}.Debug|Any CPU.Build.0 = Debug|Any CPU
		{CFE72C77-A6C0-4434-8452-80A5813A652E}.Release|Any CPU.ActiveCfg = Release|Any CPU
		{CFE72C77-A6C0-4434-8452-80A5813A652E}.Release|Any CPU.Build.0 = Release|Any CPU
		{E2D84EF3-68E8-4E53-95A1-3A6F76C92FD4}.Debug|Any CPU.ActiveCfg = Debug|Any CPU
		{E2D84EF3-68E8-4E53-95A1-3A6F76C92FD4}.Debug|Any CPU.Build.0 = Debug|Any CPU
		{E2D84EF3-68E8-4E53-95A1-3A6F76C92FD4}.Release|Any CPU.ActiveCfg = Release|Any CPU
		{E2D84EF3-68E8-4E53-95A1-3A6F76C92FD4}.Release|Any CPU.Build.0 = Release|Any CPU
	EndGlobalSection
	GlobalSection(SolutionProperties) = preSolution
		HideSolutionNode = FALSE
	EndGlobalSection
	GlobalSection(NestedProjects) = preSolution
		{984E2D06-7F32-4767-A4A9-2748C649FF35} = {A4E9F08D-06BD-4FC5-A512-80629B651AC8}
		{82A46C23-F241-4219-845E-869CDFCD7D4D} = {0306C0CB-2B5A-4B86-8B9A-D2C60D559D03}
		{53AD5D17-AA98-471F-A359-B1980BFED4E7} = {E76BF7A5-A372-4A80-B6D8-AFCF7C1711C3}
		{F72C2EF4-2C46-4DB7-9DD5-B4B05B47FE65} = {E76BF7A5-A372-4A80-B6D8-AFCF7C1711C3}
		{63CDC642-BDEE-4896-9BFB-53D720F68C8F} = {4FA50774-ACCC-4075-AF8A-6953F41207B4}
		{CFE72C77-A6C0-4434-8452-80A5813A652E} = {4FA50774-ACCC-4075-AF8A-6953F41207B4}
		{E2D84EF3-68E8-4E53-95A1-3A6F76C92FD4} = {0306C0CB-2B5A-4B86-8B9A-D2C60D559D03}
	EndGlobalSection
	GlobalSection(ExtensibilityGlobals) = postSolution
		SolutionGuid = {CEADF6D3-2959-43C3-8382-F5554F4A884E}
	EndGlobalSection
EndGlobal
