
Microsoft Visual Studio Solution File, Format Version 12.00
# Visual Studio Version 16
VisualStudioVersion = 16.0.30503.244
MinimumVisualStudioVersion = 10.0.40219.1
Project("{FAE04EC0-301F-11D3-BF4B-00C04F79EFBC}") = "Task1", "Task1\Task1.csproj", "{A6C3837A-07F4-4921-B478-4E63D34F168D}"
EndProject
Project("{FAE04EC0-301F-11D3-BF4B-00C04F79EFBC}") = "Task2", "Task2\Task2.csproj", "{F574634A-453B-4DF9-9439-1705D5237F7D}"
EndProject
Project("{FAE04EC0-301F-11D3-BF4B-00C04F79EFBC}") = "Task4", "Task4\Task4.csproj", "{1A760AE7-5FAE-4366-A361-AB8C2B6BBFE5}"
EndProject
Project("{FAE04EC0-301F-11D3-BF4B-00C04F79EFBC}") = "Task5", "Task5\Task5.csproj", "{345FA455-4134-4E57-AD8B-49DF236B0018}"
EndProject
Project("{FAE04EC0-301F-11D3-BF4B-00C04F79EFBC}") = "Task7", "Task7\Task7.csproj", "{D1039A12-398E-4D95-AE6E-FADF4A7CE4B6}"
EndProject
Project("{FAE04EC0-301F-11D3-BF4B-00C04F79EFBC}") = "Task6", "Task6\Task6.csproj", "{CCB9FD4B-54DE-41AE-A3AA-DAFB43012D26}"
EndProject
Global
	GlobalSection(SolutionConfigurationPlatforms) = preSolution
		Debug|Any CPU = Debug|Any CPU
		Release|Any CPU = Release|Any CPU
	EndGlobalSection
	GlobalSection(ProjectConfigurationPlatforms) = postSolution
		{A6C3837A-07F4-4921-B478-4E63D34F168D}.Debug|Any CPU.ActiveCfg = Debug|Any CPU
		{A6C3837A-07F4-4921-B478-4E63D34F168D}.Debug|Any CPU.Build.0 = Debug|Any CPU
		{A6C3837A-07F4-4921-B478-4E63D34F168D}.Release|Any CPU.ActiveCfg = Release|Any CPU
		{A6C3837A-07F4-4921-B478-4E63D34F168D}.Release|Any CPU.Build.0 = Release|Any CPU
		{F574634A-453B-4DF9-9439-1705D5237F7D}.Debug|Any CPU.ActiveCfg = Debug|Any CPU
		{F574634A-453B-4DF9-9439-1705D5237F7D}.Debug|Any CPU.Build.0 = Debug|Any CPU
		{F574634A-453B-4DF9-9439-1705D5237F7D}.Release|Any CPU.ActiveCfg = Release|Any CPU
		{F574634A-453B-4DF9-9439-1705D5237F7D}.Release|Any CPU.Build.0 = Release|Any CPU
		{1A760AE7-5FAE-4366-A361-AB8C2B6BBFE5}.Debug|Any CPU.ActiveCfg = Debug|Any CPU
		{1A760AE7-5FAE-4366-A361-AB8C2B6BBFE5}.Debug|Any CPU.Build.0 = Debug|Any CPU
		{1A760AE7-5FAE-4366-A361-AB8C2B6BBFE5}.Release|Any CPU.ActiveCfg = Release|Any CPU
		{1A760AE7-5FAE-4366-A361-AB8C2B6BBFE5}.Release|Any CPU.Build.0 = Release|Any CPU
		{345FA455-4134-4E57-AD8B-49DF236B0018}.Debug|Any CPU.ActiveCfg = Debug|Any CPU
		{345FA455-4134-4E57-AD8B-49DF236B0018}.Debug|Any CPU.Build.0 = Debug|Any CPU
		{345FA455-4134-4E57-AD8B-49DF236B0018}.Release|Any CPU.ActiveCfg = Release|Any CPU
		{345FA455-4134-4E57-AD8B-49DF236B0018}.Release|Any CPU.Build.0 = Release|Any CPU
		{D1039A12-398E-4D95-AE6E-FADF4A7CE4B6}.Debug|Any CPU.ActiveCfg = Debug|Any CPU
		{D1039A12-398E-4D95-AE6E-FADF4A7CE4B6}.Debug|Any CPU.Build.0 = Debug|Any CPU
		{D1039A12-398E-4D95-AE6E-FADF4A7CE4B6}.Release|Any CPU.ActiveCfg = Release|Any CPU
		{D1039A12-398E-4D95-AE6E-FADF4A7CE4B6}.Release|Any CPU.Build.0 = Release|Any CPU
		{CCB9FD4B-54DE-41AE-A3AA-DAFB43012D26}.Debug|Any CPU.ActiveCfg = Debug|Any CPU
		{CCB9FD4B-54DE-41AE-A3AA-DAFB43012D26}.Debug|Any CPU.Build.0 = Debug|Any CPU
		{CCB9FD4B-54DE-41AE-A3AA-DAFB43012D26}.Release|Any CPU.ActiveCfg = Release|Any CPU
		{CCB9FD4B-54DE-41AE-A3AA-DAFB43012D26}.Release|Any CPU.Build.0 = Release|Any CPU
	EndGlobalSection
	GlobalSection(SolutionProperties) = preSolution
		HideSolutionNode = FALSE
	EndGlobalSection
	GlobalSection(ExtensibilityGlobals) = postSolution
		SolutionGuid = {8A0747CC-B32C-424D-84EF-6DE15CC001A9}
	EndGlobalSection
EndGlobal
